
Microsoft Visual Studio Solution File, Format Version 12.00
# Visual Studio Version 16
VisualStudioVersion = 16.0.30114.105
MinimumVisualStudioVersion = 10.0.40219.1
Project("{FAE04EC0-301F-11D3-BF4B-00C04F79EFBC}") = "R5T.L0004", "R5T.L0004\R5T.L0004.csproj", "{6A172CCA-61E4-41CE-8CE7-7361F8FE8822}"
EndProject
Project("{FAE04EC0-301F-11D3-BF4B-00C04F79EFBC}") = "R5T.L0004.Construction", "R5T.L0004.Construction\R5T.L0004.Construction.csproj", "{4E97BACC-C95F-4B62-A4B5-F3EA439DCC55}"
EndProject
Project("{FAE04EC0-301F-11D3-BF4B-00C04F79EFBC}") = "R5T.L0004.Extensions", "R5T.L0004.Extensions\R5T.L0004.Extensions.csproj", "{2FC7AB21-E36E-442D-A074-9DC6EF01461C}"
EndProject
Global
	GlobalSection(SolutionConfigurationPlatforms) = preSolution
		Debug|Any CPU = Debug|Any CPU
		Debug|x64 = Debug|x64
		Debug|x86 = Debug|x86
		Release|Any CPU = Release|Any CPU
		Release|x64 = Release|x64
		Release|x86 = Release|x86
	EndGlobalSection
	GlobalSection(SolutionProperties) = preSolution
		HideSolutionNode = FALSE
	EndGlobalSection
	GlobalSection(ProjectConfigurationPlatforms) = postSolution
		{6A172CCA-61E4-41CE-8CE7-7361F8FE8822}.Debug|Any CPU.ActiveCfg = Debug|Any CPU
		{6A172CCA-61E4-41CE-8CE7-7361F8FE8822}.Debug|Any CPU.Build.0 = Debug|Any CPU
		{6A172CCA-61E4-41CE-8CE7-7361F8FE8822}.Debug|x64.ActiveCfg = Debug|Any CPU
		{6A172CCA-61E4-41CE-8CE7-7361F8FE8822}.Debug|x64.Build.0 = Debug|Any CPU
		{6A172CCA-61E4-41CE-8CE7-7361F8FE8822}.Debug|x86.ActiveCfg = Debug|Any CPU
		{6A172CCA-61E4-41CE-8CE7-7361F8FE8822}.Debug|x86.Build.0 = Debug|Any CPU
		{6A172CCA-61E4-41CE-8CE7-7361F8FE8822}.Release|Any CPU.ActiveCfg = Release|Any CPU
		{6A172CCA-61E4-41CE-8CE7-7361F8FE8822}.Release|Any CPU.Build.0 = Release|Any CPU
		{6A172CCA-61E4-41CE-8CE7-7361F8FE8822}.Release|x64.ActiveCfg = Release|Any CPU
		{6A172CCA-61E4-41CE-8CE7-7361F8FE8822}.Release|x64.Build.0 = Release|Any CPU
		{6A172CCA-61E4-41CE-8CE7-7361F8FE8822}.Release|x86.ActiveCfg = Release|Any CPU
		{6A172CCA-61E4-41CE-8CE7-7361F8FE8822}.Release|x86.Build.0 = Release|Any CPU
		{4E97BACC-C95F-4B62-A4B5-F3EA439DCC55}.Debug|Any CPU.ActiveCfg = Debug|Any CPU
		{4E97BACC-C95F-4B62-A4B5-F3EA439DCC55}.Debug|Any CPU.Build.0 = Debug|Any CPU
		{4E97BACC-C95F-4B62-A4B5-F3EA439DCC55}.Debug|x64.ActiveCfg = Debug|Any CPU
		{4E97BACC-C95F-4B62-A4B5-F3EA439DCC55}.Debug|x64.Build.0 = Debug|Any CPU
		{4E97BACC-C95F-4B62-A4B5-F3EA439DCC55}.Debug|x86.ActiveCfg = Debug|Any CPU
		{4E97BACC-C95F-4B62-A4B5-F3EA439DCC55}.Debug|x86.Build.0 = Debug|Any CPU
		{4E97BACC-C95F-4B62-A4B5-F3EA439DCC55}.Release|Any CPU.ActiveCfg = Release|Any CPU
		{4E97BACC-C95F-4B62-A4B5-F3EA439DCC55}.Release|Any CPU.Build.0 = Release|Any CPU
		{4E97BACC-C95F-4B62-A4B5-F3EA439DCC55}.Release|x64.ActiveCfg = Release|Any CPU
		{4E97BACC-C95F-4B62-A4B5-F3EA439DCC55}.Release|x64.Build.0 = Release|Any CPU
		{4E97BACC-C95F-4B62-A4B5-F3EA439DCC55}.Release|x86.ActiveCfg = Release|Any CPU
		{4E97BACC-C95F-4B62-A4B5-F3EA439DCC55}.Release|x86.Build.0 = Release|Any CPU
		{2FC7AB21-E36E-442D-A074-9DC6EF01461C}.Debug|Any CPU.ActiveCfg = Debug|Any CPU
		{2FC7AB21-E36E-442D-A074-9DC6EF01461C}.Debug|Any CPU.Build.0 = Debug|Any CPU
		{2FC7AB21-E36E-442D-A074-9DC6EF01461C}.Debug|x64.ActiveCfg = Debug|Any CPU
		{2FC7AB21-E36E-442D-A074-9DC6EF01461C}.Debug|x64.Build.0 = Debug|Any CPU
		{2FC7AB21-E36E-442D-A074-9DC6EF01461C}.Debug|x86.ActiveCfg = Debug|Any CPU
		{2FC7AB21-E36E-442D-A074-9DC6EF01461C}.Debug|x86.Build.0 = Debug|Any CPU
		{2FC7AB21-E36E-442D-A074-9DC6EF01461C}.Release|Any CPU.ActiveCfg = Release|Any CPU
		{2FC7AB21-E36E-442D-A074-9DC6EF01461C}.Release|Any CPU.Build.0 = Release|Any CPU
		{2FC7AB21-E36E-442D-A074-9DC6EF01461C}.Release|x64.ActiveCfg = Release|Any CPU
		{2FC7AB21-E36E-442D-A074-9DC6EF01461C}.Release|x64.Build.0 = Release|Any CPU
		{2FC7AB21-E36E-442D-A074-9DC6EF01461C}.Release|x86.ActiveCfg = Release|Any CPU
		{2FC7AB21-E36E-442D-A074-9DC6EF01461C}.Release|x86.Build.0 = Release|Any CPU
	EndGlobalSection
EndGlobal
